
Microsoft Visual Studio Solution File, Format Version 12.00
# Visual Studio Version 17
VisualStudioVersion = 17.3.32825.248
MinimumVisualStudioVersion = 10.0.40219.1
Project("{9A19103F-16F7-4668-BE54-9A1E7A4F7556}") = "BulkyBookWeb", "BulkyBookWeb\BulkyBookWeb.csproj", "{09630B17-0DE7-4EE1-8B42-1BD5487C5AE5}"
EndProject
Global
	GlobalSection(SolutionConfigurationPlatforms) = preSolution
		Debug|Any CPU = Debug|Any CPU
		Release|Any CPU = Release|Any CPU
	EndGlobalSection
	GlobalSection(ProjectConfigurationPlatforms) = postSolution
		{09630B17-0DE7-4EE1-8B42-1BD5487C5AE5}.Debug|Any CPU.ActiveCfg = Debug|Any CPU
		{09630B17-0DE7-4EE1-8B42-1BD5487C5AE5}.Debug|Any CPU.Build.0 = Debug|Any CPU
		{09630B17-0DE7-4EE1-8B42-1BD5487C5AE5}.Release|Any CPU.ActiveCfg = Release|Any CPU
		{09630B17-0DE7-4EE1-8B42-1BD5487C5AE5}.Release|Any CPU.Build.0 = Release|Any CPU
	EndGlobalSection
	GlobalSection(SolutionProperties) = preSolution
		HideSolutionNode = FALSE
	EndGlobalSection
	GlobalSection(ExtensibilityGlobals) = postSolution
		SolutionGuid = {20F74EA1-B806-4B90-BBE9-3E9CB702E8F8}
	EndGlobalSection
EndGlobal
